
Microsoft Visual Studio Solution File, Format Version 12.00
# Visual Studio Version 16
VisualStudioVersion = 16.0.30804.86
MinimumVisualStudioVersion = 10.0.40219.1
Project("{2150E333-8FDC-42A3-9474-1A3956D46DE8}") = "Solution Items", "Solution Items", "{162F58DC-A6EF-42EC-A36C-3AD754663A56}"
	ProjectSection(SolutionItems) = preProject
		classification.html = classification.html
		code.html = code.html
		ex1.html = ex1.html
		ex2.html = ex2.html
		ex3.html = ex3.html
		ex4.html = ex4.html
		ex5.html = ex5.html
		ex6.html = ex6.html
		ex7.html = ex7.html
		findings.html = findings.html
		github.png = github.png
		index.html = index.html
		map.html = map.html
		style.css = style.css
		table.html = table.html
		table2.html = table2.html
	EndProjectSection
EndProject
Project("{2150E333-8FDC-42A3-9474-1A3956D46DE8}") = "Myblock", "Myblock", "{A1FE1352-1EB2-4B71-BD4F-04B16D72B142}"
	ProjectSection(SolutionItems) = preProject
		testblock1.html = testblock1.html
		testblock2.html = testblock2.html
		testblock3.html = testblock3.html
		testblock4.html = testblock4.html
		testblock5.html = testblock5.html
		testblock6.html = testblock6.html
		testblock7.html = testblock7.html
		testblock8.html = testblock8.html
	EndProjectSection
EndProject
Global
	GlobalSection(SolutionProperties) = preSolution
		HideSolutionNode = FALSE
	EndGlobalSection
	GlobalSection(NestedProjects) = preSolution
		{A1FE1352-1EB2-4B71-BD4F-04B16D72B142} = {162F58DC-A6EF-42EC-A36C-3AD754663A56}
	EndGlobalSection
	GlobalSection(ExtensibilityGlobals) = postSolution
		SolutionGuid = {405BD670-2BBE-4428-9404-68591156C8E1}
	EndGlobalSection
EndGlobal
